
Microsoft Visual Studio Solution File, Format Version 12.00
# Visual Studio 15
VisualStudioVersion = 15.0.28307.1259
MinimumVisualStudioVersion = 10.0.40219.1
Project("{FAE04EC0-301F-11D3-BF4B-00C04F79EFBC}") = "GOCDMOFAPPS", "GOCDMofApps\GOCDMOFAPPS.csproj", "{9F1980E7-4623-490C-8136-695DAE46A911}"
EndProject
Global
	GlobalSection(SolutionConfigurationPlatforms) = preSolution
		Debug|Any CPU = Debug|Any CPU
		Release|Any CPU = Release|Any CPU
	EndGlobalSection
	GlobalSection(ProjectConfigurationPlatforms) = postSolution
		{9F1980E7-4623-490C-8136-695DAE46A911}.Debug|Any CPU.ActiveCfg = Debug|Any CPU
		{9F1980E7-4623-490C-8136-695DAE46A911}.Debug|Any CPU.Build.0 = Debug|Any CPU
		{9F1980E7-4623-490C-8136-695DAE46A911}.Release|Any CPU.ActiveCfg = Release|Any CPU
		{9F1980E7-4623-490C-8136-695DAE46A911}.Release|Any CPU.Build.0 = Release|Any CPU
	EndGlobalSection
	GlobalSection(SolutionProperties) = preSolution
		HideSolutionNode = FALSE
	EndGlobalSection
	GlobalSection(ExtensibilityGlobals) = postSolution
		SolutionGuid = {8461C670-347C-4B21-9757-D876E86E4AB1}
	EndGlobalSection
EndGlobal
